
Microsoft Visual Studio Solution File, Format Version 12.00
# Visual Studio Version 16
VisualStudioVersion = 16.0.29306.81
MinimumVisualStudioVersion = 10.0.40219.1
Project("{E24C65DC-7377-472B-9ABA-BC803B73C61A}") = "KattisGrapher", "KattisGrapher\", "{C47E118E-AB81-4161-A0D9-0B75F97880DE}"
	ProjectSection(WebsiteProperties) = preProject
		TargetFrameworkMoniker = ".NETFramework,Version%3Dv4.0"
		Debug.AspNetCompiler.VirtualPath = "/localhost_50325"
		Debug.AspNetCompiler.PhysicalPath = "KattisGrapher\"
		Debug.AspNetCompiler.TargetPath = "PrecompiledWeb\localhost_50325\"
		Debug.AspNetCompiler.Updateable = "true"
		Debug.AspNetCompiler.ForceOverwrite = "true"
		Debug.AspNetCompiler.FixedNames = "false"
		Debug.AspNetCompiler.Debug = "True"
		Release.AspNetCompiler.VirtualPath = "/localhost_50325"
		Release.AspNetCompiler.PhysicalPath = "KattisGrapher\"
		Release.AspNetCompiler.TargetPath = "PrecompiledWeb\localhost_50325\"
		Release.AspNetCompiler.Updateable = "true"
		Release.AspNetCompiler.ForceOverwrite = "true"
		Release.AspNetCompiler.FixedNames = "false"
		Release.AspNetCompiler.Debug = "False"
		VWDPort = "50325"
	EndProjectSection
EndProject
Project("{FAE04EC0-301F-11D3-BF4B-00C04F79EFBC}") = "Server", "Server\Server.csproj", "{085307FD-93D6-4743-AB71-2A32209B1742}"
EndProject
Global
	GlobalSection(SolutionConfigurationPlatforms) = preSolution
		Debug|Any CPU = Debug|Any CPU
		Release|Any CPU = Release|Any CPU
	EndGlobalSection
	GlobalSection(ProjectConfigurationPlatforms) = postSolution
		{C47E118E-AB81-4161-A0D9-0B75F97880DE}.Debug|Any CPU.ActiveCfg = Debug|Any CPU
		{C47E118E-AB81-4161-A0D9-0B75F97880DE}.Debug|Any CPU.Build.0 = Debug|Any CPU
		{C47E118E-AB81-4161-A0D9-0B75F97880DE}.Release|Any CPU.ActiveCfg = Debug|Any CPU
		{C47E118E-AB81-4161-A0D9-0B75F97880DE}.Release|Any CPU.Build.0 = Debug|Any CPU
		{085307FD-93D6-4743-AB71-2A32209B1742}.Debug|Any CPU.ActiveCfg = Debug|Any CPU
		{085307FD-93D6-4743-AB71-2A32209B1742}.Debug|Any CPU.Build.0 = Debug|Any CPU
		{085307FD-93D6-4743-AB71-2A32209B1742}.Release|Any CPU.ActiveCfg = Release|Any CPU
		{085307FD-93D6-4743-AB71-2A32209B1742}.Release|Any CPU.Build.0 = Release|Any CPU
	EndGlobalSection
	GlobalSection(SolutionProperties) = preSolution
		HideSolutionNode = FALSE
	EndGlobalSection
	GlobalSection(ExtensibilityGlobals) = postSolution
		SolutionGuid = {C7B35D2E-79EB-418D-A674-5AF86173F027}
	EndGlobalSection
EndGlobal
